
Microsoft Visual Studio Solution File, Format Version 12.00
Project("{FAE04EC0-301F-11D3-BF4B-00C04F79EFBC}") = "Kettu", "Kettu\Kettu.csproj", "{3C7DD9FB-0EE3-4A13-9562-D1592D6BF9E8}"
EndProject
Project("{FAE04EC0-301F-11D3-BF4B-00C04F79EFBC}") = "Kettu.Test", "Kettu.Test\Kettu.Test.csproj", "{E3615979-C8AF-4CDB-A8D6-BAC948747D96}"
EndProject
Project("{FAE04EC0-301F-11D3-BF4B-00C04F79EFBC}") = "Kettu.ThreadCruncher", "Kettu.ThreadCruncher\Kettu.ThreadCruncher.csproj", "{C5FC5810-A7A4-4C25-8DC5-E93001CC0F7E}"
EndProject
Project("{FAE04EC0-301F-11D3-BF4B-00C04F79EFBC}") = "Kettu.Binary", "Kettu.Binary\Kettu.Binary.csproj", "{6A129576-09FB-4471-82FA-22ABA7FFC812}"
EndProject
Project("{FAE04EC0-301F-11D3-BF4B-00C04F79EFBC}") = "Kettu.BinaryReader", "Kettu.BinaryReader\Kettu.BinaryReader.csproj", "{A7AD9591-16B4-4778-8F50-46C77016785E}"
EndProject
Global
	GlobalSection(SolutionConfigurationPlatforms) = preSolution
		Debug|Any CPU = Debug|Any CPU
		Release|Any CPU = Release|Any CPU
	EndGlobalSection
	GlobalSection(ProjectConfigurationPlatforms) = postSolution
		{3C7DD9FB-0EE3-4A13-9562-D1592D6BF9E8}.Debug|Any CPU.ActiveCfg = Debug|Any CPU
		{3C7DD9FB-0EE3-4A13-9562-D1592D6BF9E8}.Debug|Any CPU.Build.0 = Debug|Any CPU
		{3C7DD9FB-0EE3-4A13-9562-D1592D6BF9E8}.Release|Any CPU.ActiveCfg = Release|Any CPU
		{3C7DD9FB-0EE3-4A13-9562-D1592D6BF9E8}.Release|Any CPU.Build.0 = Release|Any CPU
		{E3615979-C8AF-4CDB-A8D6-BAC948747D96}.Debug|Any CPU.ActiveCfg = Debug|Any CPU
		{E3615979-C8AF-4CDB-A8D6-BAC948747D96}.Debug|Any CPU.Build.0 = Debug|Any CPU
		{E3615979-C8AF-4CDB-A8D6-BAC948747D96}.Release|Any CPU.ActiveCfg = Release|Any CPU
		{E3615979-C8AF-4CDB-A8D6-BAC948747D96}.Release|Any CPU.Build.0 = Release|Any CPU
		{C5FC5810-A7A4-4C25-8DC5-E93001CC0F7E}.Debug|Any CPU.ActiveCfg = Debug|Any CPU
		{C5FC5810-A7A4-4C25-8DC5-E93001CC0F7E}.Debug|Any CPU.Build.0 = Debug|Any CPU
		{C5FC5810-A7A4-4C25-8DC5-E93001CC0F7E}.Release|Any CPU.ActiveCfg = Release|Any CPU
		{C5FC5810-A7A4-4C25-8DC5-E93001CC0F7E}.Release|Any CPU.Build.0 = Release|Any CPU
		{6A129576-09FB-4471-82FA-22ABA7FFC812}.Debug|Any CPU.ActiveCfg = Debug|Any CPU
		{6A129576-09FB-4471-82FA-22ABA7FFC812}.Debug|Any CPU.Build.0 = Debug|Any CPU
		{6A129576-09FB-4471-82FA-22ABA7FFC812}.Release|Any CPU.ActiveCfg = Release|Any CPU
		{6A129576-09FB-4471-82FA-22ABA7FFC812}.Release|Any CPU.Build.0 = Release|Any CPU
		{A7AD9591-16B4-4778-8F50-46C77016785E}.Debug|Any CPU.ActiveCfg = Debug|Any CPU
		{A7AD9591-16B4-4778-8F50-46C77016785E}.Debug|Any CPU.Build.0 = Debug|Any CPU
		{A7AD9591-16B4-4778-8F50-46C77016785E}.Release|Any CPU.ActiveCfg = Release|Any CPU
		{A7AD9591-16B4-4778-8F50-46C77016785E}.Release|Any CPU.Build.0 = Release|Any CPU
	EndGlobalSection
EndGlobal
